
Microsoft Visual Studio Solution File, Format Version 12.00
# Visual Studio Version 17
VisualStudioVersion = 17.3.32929.385
MinimumVisualStudioVersion = 10.0.40219.1
Project("{FAE04EC0-301F-11D3-BF4B-00C04F79EFBC}") = "webapp", "webapp\webapp.csproj", "{1785F877-BCF3-411B-BB92-309000E8C66E}"
EndProject
Global
	GlobalSection(SolutionConfigurationPlatforms) = preSolution
		Debug|Any CPU = Debug|Any CPU
		Release|Any CPU = Release|Any CPU
	EndGlobalSection
	GlobalSection(ProjectConfigurationPlatforms) = postSolution
		{1785F877-BCF3-411B-BB92-309000E8C66E}.Debug|Any CPU.ActiveCfg = Debug|Any CPU
		{1785F877-BCF3-411B-BB92-309000E8C66E}.Debug|Any CPU.Build.0 = Debug|Any CPU
		{1785F877-BCF3-411B-BB92-309000E8C66E}.Release|Any CPU.ActiveCfg = Release|Any CPU
		{1785F877-BCF3-411B-BB92-309000E8C66E}.Release|Any CPU.Build.0 = Release|Any CPU
	EndGlobalSection
	GlobalSection(SolutionProperties) = preSolution
		HideSolutionNode = FALSE
	EndGlobalSection
	GlobalSection(ExtensibilityGlobals) = postSolution
		SolutionGuid = {2C47330A-6E8D-40B4-BBE2-A2E1BF50C900}
	EndGlobalSection
EndGlobal
